// !$*UTF8*$!
{
	archiveVersion = 1;
	classes = {
	};
	objectVersion = 50;
	objects = {

/* Begin PBXBuildFile section */
		443D0FE9243B3F3D003F2635 /* AppDelegate.swift in Sources */ = {isa = PBXBuildFile; fileRef = 443D0FE8243B3F3D003F2635 /* AppDelegate.swift */; };
		443D0FEB243B3F3D003F2635 /* SceneDelegate.swift in Sources */ = {isa = PBXBuildFile; fileRef = 443D0FEA243B3F3D003F2635 /* SceneDelegate.swift */; };
		443D0FED243B3F3D003F2635 /* ViewController.swift in Sources */ = {isa = PBXBuildFile; fileRef = 443D0FEC243B3F3D003F2635 /* ViewController.swift */; };
		443D0FF0243B3F3D003F2635 /* Main.storyboard in Resources */ = {isa = PBXBuildFile; fileRef = 443D0FEE243B3F3D003F2635 /* Main.storyboard */; };
		443D0FF2243B3F3E003F2635 /* Assets.xcassets in Resources */ = {isa = PBXBuildFile; fileRef = 443D0FF1243B3F3E003F2635 /* Assets.xcassets */; };
		443D0FF5243B3F3E003F2635 /* LaunchScreen.storyboard in Resources */ = {isa = PBXBuildFile; fileRef = 443D0FF3243B3F3E003F2635 /* LaunchScreen.storyboard */; };
		443D1008243B968F003F2635 /* CardCountLabel.swift in Sources */ = {isa = PBXBuildFile; fileRef = 443D1007243B968F003F2635 /* CardCountLabel.swift */; };
		443D100A243B9974003F2635 /* AddCardButton.swift in Sources */ = {isa = PBXBuildFile; fileRef = 443D1009243B9974003F2635 /* AddCardButton.swift */; };
		443D1010243C4B99003F2635 /* TodoViewController.swift in Sources */ = {isa = PBXBuildFile; fileRef = 443D100F243C4B99003F2635 /* TodoViewController.swift */; };
		443D1012243C4D87003F2635 /* TodoCell.swift in Sources */ = {isa = PBXBuildFile; fileRef = 443D1011243C4D87003F2635 /* TodoCell.swift */; };
		443D1014243CC60C003F2635 /* ContentTextView.swift in Sources */ = {isa = PBXBuildFile; fileRef = 443D1013243CC60C003F2635 /* ContentTextView.swift */; };
		443D1016243CC77A003F2635 /* EditingCardViewController.swift in Sources */ = {isa = PBXBuildFile; fileRef = 443D1015243CC77A003F2635 /* EditingCardViewController.swift */; };
		4490DA542446F874000CAC44 /* TodoNetworkManager.swift in Sources */ = {isa = PBXBuildFile; fileRef = 4490DA532446F874000CAC44 /* TodoNetworkManager.swift */; };
		44A7DBC7243DC1CD00F374D2 /* NetworkManager.swift in Sources */ = {isa = PBXBuildFile; fileRef = 44A7DBC6243DC1CD00F374D2 /* NetworkManager.swift */; };
		44A7DBCB243DC3ED00F374D2 /* TodoData.swift in Sources */ = {isa = PBXBuildFile; fileRef = 44A7DBCA243DC3ED00F374D2 /* TodoData.swift */; };
		44A7DBCD243DC4BD00F374D2 /* DataManager.swift in Sources */ = {isa = PBXBuildFile; fileRef = 44A7DBCC243DC4BD00F374D2 /* DataManager.swift */; };
		44A7DBEF243EE02200F374D2 /* TodoTableViewDataSource.swift in Sources */ = {isa = PBXBuildFile; fileRef = 44A7DBEE243EE02200F374D2 /* TodoTableViewDataSource.swift */; };
		44A7DBF1243EE52600F374D2 /* ContentTextViewDelegate.swift in Sources */ = {isa = PBXBuildFile; fileRef = 44A7DBF0243EE52600F374D2 /* ContentTextViewDelegate.swift */; };
		44DC45F22448561D00BAB65A /* ActivitiesViewController.swift in Sources */ = {isa = PBXBuildFile; fileRef = 44DC45F12448561D00BAB65A /* ActivitiesViewController.swift */; };
		44DDBA932445BB5300C74FF4 /* Task.swift in Sources */ = {isa = PBXBuildFile; fileRef = 44DDBA922445BB5300C74FF4 /* Task.swift */; };
		44DF93B924456A0D00B6998F /* ColumnManager.swift in Sources */ = {isa = PBXBuildFile; fileRef = 44DF93B824456A0D00B6998F /* ColumnManager.swift */; };
		44FAC1A02441FAE800950BB9 /* TitleTextFieldDelegate.swift in Sources */ = {isa = PBXBuildFile; fileRef = 44FAC19F2441FAE800950BB9 /* TitleTextFieldDelegate.swift */; };
		44FAC1A22442035200950BB9 /* EditingViewModel.swift in Sources */ = {isa = PBXBuildFile; fileRef = 44FAC1A12442035200950BB9 /* EditingViewModel.swift */; };
/* End PBXBuildFile section */

/* Begin PBXFileReference section */
		443D0FE5243B3F3D003F2635 /* TodoApp.app */ = {isa = PBXFileReference; explicitFileType = wrapper.application; includeInIndex = 0; path = TodoApp.app; sourceTree = BUILT_PRODUCTS_DIR; };
		443D0FE8243B3F3D003F2635 /* AppDelegate.swift */ = {isa = PBXFileReference; lastKnownFileType = sourcecode.swift; path = AppDelegate.swift; sourceTree = "<group>"; };
		443D0FEA243B3F3D003F2635 /* SceneDelegate.swift */ = {isa = PBXFileReference; lastKnownFileType = sourcecode.swift; path = SceneDelegate.swift; sourceTree = "<group>"; };
		443D0FEC243B3F3D003F2635 /* ViewController.swift */ = {isa = PBXFileReference; lastKnownFileType = sourcecode.swift; path = ViewController.swift; sourceTree = "<group>"; };
		443D0FEF243B3F3D003F2635 /* Base */ = {isa = PBXFileReference; lastKnownFileType = file.storyboard; name = Base; path = Base.lproj/Main.storyboard; sourceTree = "<group>"; };
		443D0FF1243B3F3E003F2635 /* Assets.xcassets */ = {isa = PBXFileReference; lastKnownFileType = folder.assetcatalog; path = Assets.xcassets; sourceTree = "<group>"; };
		443D0FF4243B3F3E003F2635 /* Base */ = {isa = PBXFileReference; lastKnownFileType = file.storyboard; name = Base; path = Base.lproj/LaunchScreen.storyboard; sourceTree = "<group>"; };
		443D0FF6243B3F3E003F2635 /* Info.plist */ = {isa = PBXFileReference; lastKnownFileType = text.plist.xml; path = Info.plist; sourceTree = "<group>"; };
		443D1007243B968F003F2635 /* CardCountLabel.swift */ = {isa = PBXFileReference; lastKnownFileType = sourcecode.swift; path = CardCountLabel.swift; sourceTree = "<group>"; };
		443D1009243B9974003F2635 /* AddCardButton.swift */ = {isa = PBXFileReference; lastKnownFileType = sourcecode.swift; path = AddCardButton.swift; sourceTree = "<group>"; };
		443D100F243C4B99003F2635 /* TodoViewController.swift */ = {isa = PBXFileReference; lastKnownFileType = sourcecode.swift; path = TodoViewController.swift; sourceTree = "<group>"; };
		443D1011243C4D87003F2635 /* TodoCell.swift */ = {isa = PBXFileReference; lastKnownFileType = sourcecode.swift; path = TodoCell.swift; sourceTree = "<group>"; };
		443D1013243CC60C003F2635 /* ContentTextView.swift */ = {isa = PBXFileReference; lastKnownFileType = sourcecode.swift; path = ContentTextView.swift; sourceTree = "<group>"; };
		443D1015243CC77A003F2635 /* EditingCardViewController.swift */ = {isa = PBXFileReference; lastKnownFileType = sourcecode.swift; path = EditingCardViewController.swift; sourceTree = "<group>"; };
		4490DA532446F874000CAC44 /* TodoNetworkManager.swift */ = {isa = PBXFileReference; lastKnownFileType = sourcecode.swift; path = TodoNetworkManager.swift; sourceTree = "<group>"; };
		44A7DBC6243DC1CD00F374D2 /* NetworkManager.swift */ = {isa = PBXFileReference; lastKnownFileType = sourcecode.swift; path = NetworkManager.swift; sourceTree = "<group>"; };
		44A7DBCA243DC3ED00F374D2 /* TodoData.swift */ = {isa = PBXFileReference; lastKnownFileType = sourcecode.swift; path = TodoData.swift; sourceTree = "<group>"; };
		44A7DBCC243DC4BD00F374D2 /* DataManager.swift */ = {isa = PBXFileReference; lastKnownFileType = sourcecode.swift; path = DataManager.swift; sourceTree = "<group>"; };
		44A7DBEE243EE02200F374D2 /* TodoTableViewDataSource.swift */ = {isa = PBXFileReference; lastKnownFileType = sourcecode.swift; path = TodoTableViewDataSource.swift; sourceTree = "<group>"; };
		44A7DBF0243EE52600F374D2 /* ContentTextViewDelegate.swift */ = {isa = PBXFileReference; lastKnownFileType = sourcecode.swift; path = ContentTextViewDelegate.swift; sourceTree = "<group>"; };
		44DC45F12448561D00BAB65A /* ActivitiesViewController.swift */ = {isa = PBXFileReference; lastKnownFileType = sourcecode.swift; path = ActivitiesViewController.swift; sourceTree = "<group>"; };
		44DDBA922445BB5300C74FF4 /* Task.swift */ = {isa = PBXFileReference; lastKnownFileType = sourcecode.swift; path = Task.swift; sourceTree = "<group>"; };
		44DF93B824456A0D00B6998F /* ColumnManager.swift */ = {isa = PBXFileReference; lastKnownFileType = sourcecode.swift; path = ColumnManager.swift; sourceTree = "<group>"; };
		44FAC19F2441FAE800950BB9 /* TitleTextFieldDelegate.swift */ = {isa = PBXFileReference; lastKnownFileType = sourcecode.swift; path = TitleTextFieldDelegate.swift; sourceTree = "<group>"; };
		44FAC1A12442035200950BB9 /* EditingViewModel.swift */ = {isa = PBXFileReference; lastKnownFileType = sourcecode.swift; path = EditingViewModel.swift; sourceTree = "<group>"; };
/* End PBXFileReference section */

/* Begin PBXFrameworksBuildPhase section */
		443D0FE2243B3F3D003F2635 /* Frameworks */ = {
			isa = PBXFrameworksBuildPhase;
			buildActionMask = 2147483647;
			files = (
			);
			runOnlyForDeploymentPostprocessing = 0;
		};
/* End PBXFrameworksBuildPhase section */

/* Begin PBXGroup section */
		443D0FDC243B3F3D003F2635 = {
			isa = PBXGroup;
			children = (
				443D0FE7243B3F3D003F2635 /* TodoApp */,
				443D0FE6243B3F3D003F2635 /* Products */,
			);
			sourceTree = "<group>";
		};
		443D0FE6243B3F3D003F2635 /* Products */ = {
			isa = PBXGroup;
			children = (
				443D0FE5243B3F3D003F2635 /* TodoApp.app */,
			);
			name = Products;
			sourceTree = "<group>";
		};
		443D0FE7243B3F3D003F2635 /* TodoApp */ = {
			isa = PBXGroup;
			children = (
				44A7DBC5243DC1B900F374D2 /* Model */,
				443D0FE8243B3F3D003F2635 /* AppDelegate.swift */,
				443D0FEA243B3F3D003F2635 /* SceneDelegate.swift */,
				443D0FEC243B3F3D003F2635 /* ViewController.swift */,
				44DC45F02448554900BAB65A /* Activities */,
				44A7DBF2243EE55B00F374D2 /* Todo */,
				44A7DBF3243EE58E00F374D2 /* EditingCard */,
				443D0FEE243B3F3D003F2635 /* Main.storyboard */,
				443D0FF1243B3F3E003F2635 /* Assets.xcassets */,
				443D0FF3243B3F3E003F2635 /* LaunchScreen.storyboard */,
				443D0FF6243B3F3E003F2635 /* Info.plist */,
			);
			path = TodoApp;
			sourceTree = "<group>";
		};
		44A7DBC5243DC1B900F374D2 /* Model */ = {
			isa = PBXGroup;
			children = (
				44A7DBC6243DC1CD00F374D2 /* NetworkManager.swift */,
				44A7DBCA243DC3ED00F374D2 /* TodoData.swift */,
				44A7DBCC243DC4BD00F374D2 /* DataManager.swift */,
			);
			path = Model;
			sourceTree = "<group>";
		};
		44A7DBF2243EE55B00F374D2 /* Todo */ = {
			isa = PBXGroup;
			children = (
				44DF93B7244569F000B6998F /* Model */,
				443D100F243C4B99003F2635 /* TodoViewController.swift */,
				44A7DBEE243EE02200F374D2 /* TodoTableViewDataSource.swift */,
				44A7DBF4243EE5A700F374D2 /* View */,
			);
			path = Todo;
			sourceTree = "<group>";
		};
		44A7DBF3243EE58E00F374D2 /* EditingCard */ = {
			isa = PBXGroup;
			children = (
				443D1015243CC77A003F2635 /* EditingCardViewController.swift */,
				44FAC1A12442035200950BB9 /* EditingViewModel.swift */,
				44FAC19F2441FAE800950BB9 /* TitleTextFieldDelegate.swift */,
				44A7DBF0243EE52600F374D2 /* ContentTextViewDelegate.swift */,
				44A7DBF5243EE5B900F374D2 /* View */,
			);
			path = EditingCard;
			sourceTree = "<group>";
		};
		44A7DBF4243EE5A700F374D2 /* View */ = {
			isa = PBXGroup;
			children = (
				443D1011243C4D87003F2635 /* TodoCell.swift */,
				443D1007243B968F003F2635 /* CardCountLabel.swift */,
				443D1009243B9974003F2635 /* AddCardButton.swift */,
			);
			path = View;
			sourceTree = "<group>";
		};
		44A7DBF5243EE5B900F374D2 /* View */ = {
			isa = PBXGroup;
			children = (
				443D1013243CC60C003F2635 /* ContentTextView.swift */,
			);
			path = View;
			sourceTree = "<group>";
		};
		44DC45F02448554900BAB65A /* Activities */ = {
			isa = PBXGroup;
			children = (
				44DC45F12448561D00BAB65A /* ActivitiesViewController.swift */,
			);
			path = Activities;
			sourceTree = "<group>";
		};
		44DF93B7244569F000B6998F /* Model */ = {
			isa = PBXGroup;
			children = (
				44DF93B824456A0D00B6998F /* ColumnManager.swift */,
				44DDBA922445BB5300C74FF4 /* Task.swift */,
				4490DA532446F874000CAC44 /* TodoNetworkManager.swift */,
			);
			path = Model;
			sourceTree = "<group>";
		};
/* End PBXGroup section */

/* Begin PBXNativeTarget section */
		443D0FE4243B3F3D003F2635 /* TodoApp */ = {
			isa = PBXNativeTarget;
			buildConfigurationList = 443D0FF9243B3F3E003F2635 /* Build configuration list for PBXNativeTarget "TodoApp" */;
			buildPhases = (
				443D0FE1243B3F3D003F2635 /* Sources */,
				443D0FE2243B3F3D003F2635 /* Frameworks */,
				443D0FE3243B3F3D003F2635 /* Resources */,
			);
			buildRules = (
			);
			dependencies = (
			);
			name = TodoApp;
			productName = TodoApp;
			productReference = 443D0FE5243B3F3D003F2635 /* TodoApp.app */;
			productType = "com.apple.product-type.application";
		};
/* End PBXNativeTarget section */

/* Begin PBXProject section */
		443D0FDD243B3F3D003F2635 /* Project object */ = {
			isa = PBXProject;
			attributes = {
				LastSwiftUpdateCheck = 1130;
				LastUpgradeCheck = 1130;
				ORGANIZATIONNAME = TTOzzi;
				TargetAttributes = {
					443D0FE4243B3F3D003F2635 = {
						CreatedOnToolsVersion = 11.3.1;
					};
				};
			};
			buildConfigurationList = 443D0FE0243B3F3D003F2635 /* Build configuration list for PBXProject "TodoApp" */;
			compatibilityVersion = "Xcode 9.3";
			developmentRegion = en;
			hasScannedForEncodings = 0;
			knownRegions = (
				en,
				Base,
			);
			mainGroup = 443D0FDC243B3F3D003F2635;
			productRefGroup = 443D0FE6243B3F3D003F2635 /* Products */;
			projectDirPath = "";
			projectRoot = "";
			targets = (
				443D0FE4243B3F3D003F2635 /* TodoApp */,
			);
		};
/* End PBXProject section */

/* Begin PBXResourcesBuildPhase section */
		443D0FE3243B3F3D003F2635 /* Resources */ = {
			isa = PBXResourcesBuildPhase;
			buildActionMask = 2147483647;
			files = (
				443D0FF5243B3F3E003F2635 /* LaunchScreen.storyboard in Resources */,
				443D0FF2243B3F3E003F2635 /* Assets.xcassets in Resources */,
				443D0FF0243B3F3D003F2635 /* Main.storyboard in Resources */,
			);
			runOnlyForDeploymentPostprocessing = 0;
		};
/* End PBXResourcesBuildPhase section */

/* Begin PBXSourcesBuildPhase section */
		443D0FE1243B3F3D003F2635 /* Sources */ = {
			isa = PBXSourcesBuildPhase;
			buildActionMask = 2147483647;
			files = (
				4490DA542446F874000CAC44 /* TodoNetworkManager.swift in Sources */,
				44A7DBEF243EE02200F374D2 /* TodoTableViewDataSource.swift in Sources */,
				44FAC1A22442035200950BB9 /* EditingViewModel.swift in Sources */,
				443D0FED243B3F3D003F2635 /* ViewController.swift in Sources */,
				44A7DBCD243DC4BD00F374D2 /* DataManager.swift in Sources */,
				443D0FE9243B3F3D003F2635 /* AppDelegate.swift in Sources */,
				44A7DBC7243DC1CD00F374D2 /* NetworkManager.swift in Sources */,
				44A7DBCB243DC3ED00F374D2 /* TodoData.swift in Sources */,
				44A7DBF1243EE52600F374D2 /* ContentTextViewDelegate.swift in Sources */,
				443D1012243C4D87003F2635 /* TodoCell.swift in Sources */,
				443D1014243CC60C003F2635 /* ContentTextView.swift in Sources */,
				443D1008243B968F003F2635 /* CardCountLabel.swift in Sources */,
				443D0FEB243B3F3D003F2635 /* SceneDelegate.swift in Sources */,
				44DF93B924456A0D00B6998F /* ColumnManager.swift in Sources */,
				443D1010243C4B99003F2635 /* TodoViewController.swift in Sources */,
				443D100A243B9974003F2635 /* AddCardButton.swift in Sources */,
				443D1016243CC77A003F2635 /* EditingCardViewController.swift in Sources */,
				44DC45F22448561D00BAB65A /* ActivitiesViewController.swift in Sources */,
				44DDBA932445BB5300C74FF4 /* Task.swift in Sources */,
				44FAC1A02441FAE800950BB9 /* TitleTextFieldDelegate.swift in Sources */,
			);
			runOnlyForDeploymentPostprocessing = 0;
		};
/* End PBXSourcesBuildPhase section */

/* Begin PBXVariantGroup section */
		443D0FEE243B3F3D003F2635 /* Main.storyboard */ = {
			isa = PBXVariantGroup;
			children = (
				443D0FEF243B3F3D003F2635 /* Base */,
			);
			name = Main.storyboard;
			sourceTree = "<group>";
		};
		443D0FF3243B3F3E003F2635 /* LaunchScreen.storyboard */ = {
			isa = PBXVariantGroup;
			children = (
				443D0FF4243B3F3E003F2635 /* Base */,
			);
			name = LaunchScreen.storyboard;
			sourceTree = "<group>";
		};
/* End PBXVariantGroup section */

/* Begin XCBuildConfiguration section */
		443D0FF7243B3F3E003F2635 /* Debug */ = {
			isa = XCBuildConfiguration;
			buildSettings = {
				ALWAYS_SEARCH_USER_PATHS = NO;
				CLANG_ANALYZER_NONNULL = YES;
				CLANG_ANALYZER_NUMBER_OBJECT_CONVERSION = YES_AGGRESSIVE;
				CLANG_CXX_LANGUAGE_STANDARD = "gnu++14";
				CLANG_CXX_LIBRARY = "libc++";
				CLANG_ENABLE_MODULES = YES;
				CLANG_ENABLE_OBJC_ARC = YES;
				CLANG_ENABLE_OBJC_WEAK = YES;
				CLANG_WARN_BLOCK_CAPTURE_AUTORELEASING = YES;
				CLANG_WARN_BOOL_CONVERSION = YES;
				CLANG_WARN_COMMA = YES;
				CLANG_WARN_CONSTANT_CONVERSION = YES;
				CLANG_WARN_DEPRECATED_OBJC_IMPLEMENTATIONS = YES;
				CLANG_WARN_DIRECT_OBJC_ISA_USAGE = YES_ERROR;
				CLANG_WARN_DOCUMENTATION_COMMENTS = YES;
				CLANG_WARN_EMPTY_BODY = YES;
				CLANG_WARN_ENUM_CONVERSION = YES;
				CLANG_WARN_INFINITE_RECURSION = YES;
				CLANG_WARN_INT_CONVERSION = YES;
				CLANG_WARN_NON_LITERAL_NULL_CONVERSION = YES;
				CLANG_WARN_OBJC_IMPLICIT_RETAIN_SELF = YES;
				CLANG_WARN_OBJC_LITERAL_CONVERSION = YES;
				CLANG_WARN_OBJC_ROOT_CLASS = YES_ERROR;
				CLANG_WARN_RANGE_LOOP_ANALYSIS = YES;
				CLANG_WARN_STRICT_PROTOTYPES = YES;
				CLANG_WARN_SUSPICIOUS_MOVE = YES;
				CLANG_WARN_UNGUARDED_AVAILABILITY = YES_AGGRESSIVE;
				CLANG_WARN_UNREACHABLE_CODE = YES;
				CLANG_WARN__DUPLICATE_METHOD_MATCH = YES;
				COPY_PHASE_STRIP = NO;
				DEBUG_INFORMATION_FORMAT = dwarf;
				ENABLE_STRICT_OBJC_MSGSEND = YES;
				ENABLE_TESTABILITY = YES;
				GCC_C_LANGUAGE_STANDARD = gnu11;
				GCC_DYNAMIC_NO_PIC = NO;
				GCC_NO_COMMON_BLOCKS = YES;
				GCC_OPTIMIZATION_LEVEL = 0;
				GCC_PREPROCESSOR_DEFINITIONS = (
					"DEBUG=1",
					"$(inherited)",
				);
				GCC_WARN_64_TO_32_BIT_CONVERSION = YES;
				GCC_WARN_ABOUT_RETURN_TYPE = YES_ERROR;
				GCC_WARN_UNDECLARED_SELECTOR = YES;
				GCC_WARN_UNINITIALIZED_AUTOS = YES_AGGRESSIVE;
				GCC_WARN_UNUSED_FUNCTION = YES;
				GCC_WARN_UNUSED_VARIABLE = YES;
				IPHONEOS_DEPLOYMENT_TARGET = 13.2;
				MTL_ENABLE_DEBUG_INFO = INCLUDE_SOURCE;
				MTL_FAST_MATH = YES;
				ONLY_ACTIVE_ARCH = YES;
				SDKROOT = iphoneos;
				SWIFT_ACTIVE_COMPILATION_CONDITIONS = DEBUG;
				SWIFT_OPTIMIZATION_LEVEL = "-Onone";
			};
			name = Debug;
		};
		443D0FF8243B3F3E003F2635 /* Release */ = {
			isa = XCBuildConfiguration;
			buildSettings = {
				ALWAYS_SEARCH_USER_PATHS = NO;
				CLANG_ANALYZER_NONNULL = YES;
				CLANG_ANALYZER_NUMBER_OBJECT_CONVERSION = YES_AGGRESSIVE;
				CLANG_CXX_LANGUAGE_STANDARD = "gnu++14";
				CLANG_CXX_LIBRARY = "libc++";
				CLANG_ENABLE_MODULES = YES;
				CLANG_ENABLE_OBJC_ARC = YES;
				CLANG_ENABLE_OBJC_WEAK = YES;
				CLANG_WARN_BLOCK_CAPTURE_AUTORELEASING = YES;
				CLANG_WARN_BOOL_CONVERSION = YES;
				CLANG_WARN_COMMA = YES;
				CLANG_WARN_CONSTANT_CONVERSION = YES;
				CLANG_WARN_DEPRECATED_OBJC_IMPLEMENTATIONS = YES;
				CLANG_WARN_DIRECT_OBJC_ISA_USAGE = YES_ERROR;
				CLANG_WARN_DOCUMENTATION_COMMENTS = YES;
				CLANG_WARN_EMPTY_BODY = YES;
				CLANG_WARN_ENUM_CONVERSION = YES;
				CLANG_WARN_INFINITE_RECURSION = YES;
				CLANG_WARN_INT_CONVERSION = YES;
				CLANG_WARN_NON_LITERAL_NULL_CONVERSION = YES;
				CLANG_WARN_OBJC_IMPLICIT_RETAIN_SELF = YES;
				CLANG_WARN_OBJC_LITERAL_CONVERSION = YES;
				CLANG_WARN_OBJC_ROOT_CLASS = YES_ERROR;
				CLANG_WARN_RANGE_LOOP_ANALYSIS = YES;
				CLANG_WARN_STRICT_PROTOTYPES = YES;
				CLANG_WARN_SUSPICIOUS_MOVE = YES;
				CLANG_WARN_UNGUARDED_AVAILABILITY = YES_AGGRESSIVE;
				CLANG_WARN_UNREACHABLE_CODE = YES;
				CLANG_WARN__DUPLICATE_METHOD_MATCH = YES;
				COPY_PHASE_STRIP = NO;
				DEBUG_INFORMATION_FORMAT = "dwarf-with-dsym";
				ENABLE_NS_ASSERTIONS = NO;
				ENABLE_STRICT_OBJC_MSGSEND = YES;
				GCC_C_LANGUAGE_STANDARD = gnu11;
				GCC_NO_COMMON_BLOCKS = YES;
				GCC_WARN_64_TO_32_BIT_CONVERSION = YES;
				GCC_WARN_ABOUT_RETURN_TYPE = YES_ERROR;
				GCC_WARN_UNDECLARED_SELECTOR = YES;
				GCC_WARN_UNINITIALIZED_AUTOS = YES_AGGRESSIVE;
				GCC_WARN_UNUSED_FUNCTION = YES;
				GCC_WARN_UNUSED_VARIABLE = YES;
				IPHONEOS_DEPLOYMENT_TARGET = 13.2;
				MTL_ENABLE_DEBUG_INFO = NO;
				MTL_FAST_MATH = YES;
				SDKROOT = iphoneos;
				SWIFT_COMPILATION_MODE = wholemodule;
				SWIFT_OPTIMIZATION_LEVEL = "-O";
				VALIDATE_PRODUCT = YES;
			};
			name = Release;
		};
		443D0FFA243B3F3E003F2635 /* Debug */ = {
			isa = XCBuildConfiguration;
			buildSettings = {
				ASSETCATALOG_COMPILER_APPICON_NAME = AppIcon;
				CODE_SIGN_STYLE = Automatic;
				DEVELOPMENT_TEAM = 52LA5XMGV3;
				INFOPLIST_FILE = TodoApp/Info.plist;
				LD_RUNPATH_SEARCH_PATHS = (
					"$(inherited)",
					"@executable_path/Frameworks",
				);
				PRODUCT_BUNDLE_IDENTIFIER = com.ttozzi.TodoApp;
				PRODUCT_NAME = "$(TARGET_NAME)";
				SWIFT_VERSION = 5.0;
				TARGETED_DEVICE_FAMILY = "1,2";
			};
			name = Debug;
		};
		443D0FFB243B3F3E003F2635 /* Release */ = {
			isa = XCBuildConfiguration;
			buildSettings = {
				ASSETCATALOG_COMPILER_APPICON_NAME = AppIcon;
				CODE_SIGN_STYLE = Automatic;
				DEVELOPMENT_TEAM = 52LA5XMGV3;
				INFOPLIST_FILE = TodoApp/Info.plist;
				LD_RUNPATH_SEARCH_PATHS = (
					"$(inherited)",
					"@executable_path/Frameworks",
				);
				PRODUCT_BUNDLE_IDENTIFIER = com.ttozzi.TodoApp;
				PRODUCT_NAME = "$(TARGET_NAME)";
				SWIFT_VERSION = 5.0;
				TARGETED_DEVICE_FAMILY = "1,2";
			};
			name = Release;
		};
/* End XCBuildConfiguration section */

/* Begin XCConfigurationList section */
		443D0FE0243B3F3D003F2635 /* Build configuration list for PBXProject "TodoApp" */ = {
			isa = XCConfigurationList;
			buildConfigurations = (
				443D0FF7243B3F3E003F2635 /* Debug */,
				443D0FF8243B3F3E003F2635 /* Release */,
			);
			defaultConfigurationIsVisible = 0;
			defaultConfigurationName = Release;
		};
		443D0FF9243B3F3E003F2635 /* Build configuration list for PBXNativeTarget "TodoApp" */ = {
			isa = XCConfigurationList;
			buildConfigurations = (
				443D0FFA243B3F3E003F2635 /* Debug */,
				443D0FFB243B3F3E003F2635 /* Release */,
			);
			defaultConfigurationIsVisible = 0;
			defaultConfigurationName = Release;
		};
/* End XCConfigurationList section */
	};
	rootObject = 443D0FDD243B3F3D003F2635 /* Project object */;
}
